<?xml version="1.0" encoding="UTF-8"?>
<Project ToolsVersion="14.0" xmlns="http://schemas.microsoft.com/developer/msbuild/2003">
  <ItemGroup>
    <ClCompile Include="C:\Users\Jessica\Documents\bullet3-master\src\BulletSoftBody\btSoftBody.cpp">
      <Filter>Source Files</Filter>
    </ClCompile>
    <ClCompile Include="C:\Users\Jessica\Documents\bullet3-master\src\BulletSoftBody\btSoftBodyConcaveCollisionAlgorithm.cpp">
      <Filter>Source Files</Filter>
    </ClCompile>
    <ClCompile Include="C:\Users\Jessica\Documents\bullet3-master\src\BulletSoftBody\btSoftBodyHelpers.cpp">
      <Filter>Source Files</Filter>
    </ClCompile>
    <ClCompile Include="C:\Users\Jessica\Documents\bullet3-master\src\BulletSoftBody\btSoftBodyRigidBodyCollisionConfiguration.cpp">
      <Filter>Source Files</Filter>
    </ClCompile>
    <ClCompile Include="C:\Users\Jessica\Documents\bullet3-master\src\BulletSoftBody\btSoftRigidCollisionAlgorithm.cpp">
      <Filter>Source Files</Filter>
    </ClCompile>
    <ClCompile Include="C:\Users\Jessica\Documents\bullet3-master\src\BulletSoftBody\btSoftRigidDynamicsWorld.cpp">
      <Filter>Source Files</Filter>
    </ClCompile>
    <ClCompile Include="C:\Users\Jessica\Documents\bullet3-master\src\BulletSoftBody\btSoftMultiBodyDynamicsWorld.cpp">
      <Filter>Source Files</Filter>
    </ClCompile>
    <ClCompile Include="C:\Users\Jessica\Documents\bullet3-master\src\BulletSoftBody\btSoftSoftCollisionAlgorithm.cpp">
      <Filter>Source Files</Filter>
    </ClCompile>
    <ClCompile Include="C:\Users\Jessica\Documents\bullet3-master\src\BulletSoftBody\btDefaultSoftBodySolver.cpp">
      <Filter>Source Files</Filter>
    </ClCompile>
  </ItemGroup>
  <ItemGroup>
    <ClInclude Include="C:\Users\Jessica\Documents\bullet3-master\src\BulletSoftBody\btSoftBody.h">
      <Filter>Header Files</Filter>
    </ClInclude>
    <ClInclude Include="C:\Users\Jessica\Documents\bullet3-master\src\BulletSoftBody\btSoftBodyData.h">
      <Filter>Header Files</Filter>
    </ClInclude>
    <ClInclude Include="C:\Users\Jessica\Documents\bullet3-master\src\BulletSoftBody\btSoftBodyConcaveCollisionAlgorithm.h">
      <Filter>Header Files</Filter>
    </ClInclude>
    <ClInclude Include="C:\Users\Jessica\Documents\bullet3-master\src\BulletSoftBody\btSoftBodyHelpers.h">
      <Filter>Header Files</Filter>
    </ClInclude>
    <ClInclude Include="C:\Users\Jessica\Documents\bullet3-master\src\BulletSoftBody\btSoftBodyRigidBodyCollisionConfiguration.h">
      <Filter>Header Files</Filter>
    </ClInclude>
    <ClInclude Include="C:\Users\Jessica\Documents\bullet3-master\src\BulletSoftBody\btSoftRigidCollisionAlgorithm.h">
      <Filter>Header Files</Filter>
    </ClInclude>
    <ClInclude Include="C:\Users\Jessica\Documents\bullet3-master\src\BulletSoftBody\btSoftRigidDynamicsWorld.h">
      <Filter>Header Files</Filter>
    </ClInclude>
    <ClInclude Include="C:\Users\Jessica\Documents\bullet3-master\src\BulletSoftBody\btSoftMultiBodyDynamicsWorld.h">
      <Filter>Header Files</Filter>
    </ClInclude>
    <ClInclude Include="C:\Users\Jessica\Documents\bullet3-master\src\BulletSoftBody\btSoftSoftCollisionAlgorithm.h">
      <Filter>Header Files</Filter>
    </ClInclude>
    <ClInclude Include="C:\Users\Jessica\Documents\bullet3-master\src\BulletSoftBody\btSparseSDF.h">
      <Filter>Header Files</Filter>
    </ClInclude>
    <ClInclude Include="C:\Users\Jessica\Documents\bullet3-master\src\BulletSoftBody\btSoftBodySolvers.h">
      <Filter>Header Files</Filter>
    </ClInclude>
    <ClInclude Include="C:\Users\Jessica\Documents\bullet3-master\src\BulletSoftBody\btDefaultSoftBodySolver.h">
      <Filter>Header Files</Filter>
    </ClInclude>
    <ClInclude Include="C:\Users\Jessica\Documents\bullet3-master\src\BulletSoftBody\btSoftBodySolverVertexBuffer.h">
      <Filter>Header Files</Filter>
    </ClInclude>
  </ItemGroup>
  <ItemGroup>
    <CustomBuild Include="C:\Users\Jessica\Documents\bullet3-master\src\BulletSoftBody\CMakeLists.txt" />
  </ItemGroup>
  <ItemGroup>
    <Filter Include="Source Files">
      <UniqueIdentifier>{A64CEAAC-D711-352A-BC7E-5DD2EC1EC349}</UniqueIdentifier>
    </Filter>
    <Filter Include="Header Files">
      <UniqueIdentifier>{43ACC6EA-DD0B-3600-8867-2B2777C42DEB}</UniqueIdentifier>
    </Filter>
  </ItemGroup>
</Project>
